// !$*UTF8*$!
{
	archiveVersion = 1;
	classes = {
	};
	objectVersion = 46;
	objects = {

/* Begin PBXBuildFile section */
		68E79E1A1ABB22CE0029D3D9 /* main.m in Sources */ = {isa = PBXBuildFile; fileRef = 68E79E191ABB22CE0029D3D9 /* main.m */; };
		68E79E1D1ABB22CE0029D3D9 /* AppDelegate.m in Sources */ = {isa = PBXBuildFile; fileRef = 68E79E1C1ABB22CE0029D3D9 /* AppDelegate.m */; };
		68E79E201ABB22CE0029D3D9 /* QuestionListViewController.m in Sources */ = {isa = PBXBuildFile; fileRef = 68E79E1F1ABB22CE0029D3D9 /* QuestionListViewController.m */; };
		68E79E231ABB22CE0029D3D9 /* Main.storyboard in Resources */ = {isa = PBXBuildFile; fileRef = 68E79E211ABB22CE0029D3D9 /* Main.storyboard */; };
		68E79E251ABB22CE0029D3D9 /* Images.xcassets in Resources */ = {isa = PBXBuildFile; fileRef = 68E79E241ABB22CE0029D3D9 /* Images.xcassets */; };
		68E79E281ABB22CE0029D3D9 /* LaunchScreen.xib in Resources */ = {isa = PBXBuildFile; fileRef = 68E79E261ABB22CE0029D3D9 /* LaunchScreen.xib */; };
		68E79E341ABB22CE0029D3D9 /* ReviewDayTests.m in Sources */ = {isa = PBXBuildFile; fileRef = 68E79E331ABB22CE0029D3D9 /* ReviewDayTests.m */; };
		68E79E421ABB28AD0029D3D9 /* Model.xcdatamodeld in Sources */ = {isa = PBXBuildFile; fileRef = 68E79E401ABB28AD0029D3D9 /* Model.xcdatamodeld */; };
		68E79E451ABB2A4E0029D3D9 /* User.m in Sources */ = {isa = PBXBuildFile; fileRef = 68E79E441ABB2A4E0029D3D9 /* User.m */; };
		68E79E481ABB2A4F0029D3D9 /* Question.m in Sources */ = {isa = PBXBuildFile; fileRef = 68E79E471ABB2A4F0029D3D9 /* Question.m */; };
		68E79E4B1ABB2AC60029D3D9 /* QuestionController.m in Sources */ = {isa = PBXBuildFile; fileRef = 68E79E4A1ABB2AC60029D3D9 /* QuestionController.m */; };
		68E79E4E1ABB2CBC0029D3D9 /* Stack.m in Sources */ = {isa = PBXBuildFile; fileRef = 68E79E4D1ABB2CBC0029D3D9 /* Stack.m */; };
		68E79E501ABB2D6A0029D3D9 /* CoreData.framework in Frameworks */ = {isa = PBXBuildFile; fileRef = 68E79E4F1ABB2D6A0029D3D9 /* CoreData.framework */; };
		68E79E531ABB3EE80029D3D9 /* QuestionDetailViewViewController.m in Sources */ = {isa = PBXBuildFile; fileRef = 68E79E521ABB3EE80029D3D9 /* QuestionDetailViewViewController.m */; };
/* End PBXBuildFile section */

/* Begin PBXContainerItemProxy section */
		68E79E2E1ABB22CE0029D3D9 /* PBXContainerItemProxy */ = {
			isa = PBXContainerItemProxy;
			containerPortal = 68E79E0C1ABB22CE0029D3D9 /* Project object */;
			proxyType = 1;
			remoteGlobalIDString = 68E79E131ABB22CE0029D3D9;
			remoteInfo = ReviewDay;
		};
/* End PBXContainerItemProxy section */

/* Begin PBXFileReference section */
		68E79E141ABB22CE0029D3D9 /* ReviewDay.app */ = {isa = PBXFileReference; explicitFileType = wrapper.application; includeInIndex = 0; path = ReviewDay.app; sourceTree = BUILT_PRODUCTS_DIR; };
		68E79E181ABB22CE0029D3D9 /* Info.plist */ = {isa = PBXFileReference; lastKnownFileType = text.plist.xml; path = Info.plist; sourceTree = "<group>"; };
		68E79E191ABB22CE0029D3D9 /* main.m */ = {isa = PBXFileReference; lastKnownFileType = sourcecode.c.objc; path = main.m; sourceTree = "<group>"; };
		68E79E1B1ABB22CE0029D3D9 /* AppDelegate.h */ = {isa = PBXFileReference; lastKnownFileType = sourcecode.c.h; path = AppDelegate.h; sourceTree = "<group>"; };
		68E79E1C1ABB22CE0029D3D9 /* AppDelegate.m */ = {isa = PBXFileReference; lastKnownFileType = sourcecode.c.objc; path = AppDelegate.m; sourceTree = "<group>"; };
		68E79E1E1ABB22CE0029D3D9 /* QuestionListViewController.h */ = {isa = PBXFileReference; lastKnownFileType = sourcecode.c.h; path = QuestionListViewController.h; sourceTree = "<group>"; };
		68E79E1F1ABB22CE0029D3D9 /* QuestionListViewController.m */ = {isa = PBXFileReference; lastKnownFileType = sourcecode.c.objc; path = QuestionListViewController.m; sourceTree = "<group>"; };
		68E79E221ABB22CE0029D3D9 /* Base */ = {isa = PBXFileReference; lastKnownFileType = file.storyboard; name = Base; path = Base.lproj/Main.storyboard; sourceTree = "<group>"; };
		68E79E241ABB22CE0029D3D9 /* Images.xcassets */ = {isa = PBXFileReference; lastKnownFileType = folder.assetcatalog; path = Images.xcassets; sourceTree = "<group>"; };
		68E79E271ABB22CE0029D3D9 /* Base */ = {isa = PBXFileReference; lastKnownFileType = file.xib; name = Base; path = Base.lproj/LaunchScreen.xib; sourceTree = "<group>"; };
		68E79E2D1ABB22CE0029D3D9 /* ReviewDayTests.xctest */ = {isa = PBXFileReference; explicitFileType = wrapper.cfbundle; includeInIndex = 0; path = ReviewDayTests.xctest; sourceTree = BUILT_PRODUCTS_DIR; };
		68E79E321ABB22CE0029D3D9 /* Info.plist */ = {isa = PBXFileReference; lastKnownFileType = text.plist.xml; path = Info.plist; sourceTree = "<group>"; };
		68E79E331ABB22CE0029D3D9 /* ReviewDayTests.m */ = {isa = PBXFileReference; lastKnownFileType = sourcecode.c.objc; path = ReviewDayTests.m; sourceTree = "<group>"; };
		68E79E411ABB28AD0029D3D9 /* Model.xcdatamodel */ = {isa = PBXFileReference; lastKnownFileType = wrapper.xcdatamodel; path = Model.xcdatamodel; sourceTree = "<group>"; };
		68E79E431ABB2A4E0029D3D9 /* User.h */ = {isa = PBXFileReference; fileEncoding = 4; lastKnownFileType = sourcecode.c.h; path = User.h; sourceTree = "<group>"; };
		68E79E441ABB2A4E0029D3D9 /* User.m */ = {isa = PBXFileReference; fileEncoding = 4; lastKnownFileType = sourcecode.c.objc; path = User.m; sourceTree = "<group>"; };
		68E79E461ABB2A4F0029D3D9 /* Question.h */ = {isa = PBXFileReference; fileEncoding = 4; lastKnownFileType = sourcecode.c.h; path = Question.h; sourceTree = "<group>"; };
		68E79E471ABB2A4F0029D3D9 /* Question.m */ = {isa = PBXFileReference; fileEncoding = 4; lastKnownFileType = sourcecode.c.objc; path = Question.m; sourceTree = "<group>"; };
		68E79E491ABB2AC60029D3D9 /* QuestionController.h */ = {isa = PBXFileReference; fileEncoding = 4; lastKnownFileType = sourcecode.c.h; path = QuestionController.h; sourceTree = "<group>"; };
		68E79E4A1ABB2AC60029D3D9 /* QuestionController.m */ = {isa = PBXFileReference; fileEncoding = 4; lastKnownFileType = sourcecode.c.objc; path = QuestionController.m; sourceTree = "<group>"; };
		68E79E4C1ABB2CBC0029D3D9 /* Stack.h */ = {isa = PBXFileReference; fileEncoding = 4; lastKnownFileType = sourcecode.c.h; path = Stack.h; sourceTree = "<group>"; };
		68E79E4D1ABB2CBC0029D3D9 /* Stack.m */ = {isa = PBXFileReference; fileEncoding = 4; lastKnownFileType = sourcecode.c.objc; path = Stack.m; sourceTree = "<group>"; };
		68E79E4F1ABB2D6A0029D3D9 /* CoreData.framework */ = {isa = PBXFileReference; lastKnownFileType = wrapper.framework; name = CoreData.framework; path = System/Library/Frameworks/CoreData.framework; sourceTree = SDKROOT; };
		68E79E511ABB3EE80029D3D9 /* QuestionDetailViewViewController.h */ = {isa = PBXFileReference; fileEncoding = 4; lastKnownFileType = sourcecode.c.h; path = QuestionDetailViewViewController.h; sourceTree = "<group>"; };
		68E79E521ABB3EE80029D3D9 /* QuestionDetailViewViewController.m */ = {isa = PBXFileReference; fileEncoding = 4; lastKnownFileType = sourcecode.c.objc; path = QuestionDetailViewViewController.m; sourceTree = "<group>"; };
/* End PBXFileReference section */

/* Begin PBXFrameworksBuildPhase section */
		68E79E111ABB22CE0029D3D9 /* Frameworks */ = {
			isa = PBXFrameworksBuildPhase;
			buildActionMask = 2147483647;
			files = (
				68E79E501ABB2D6A0029D3D9 /* CoreData.framework in Frameworks */,
			);
			runOnlyForDeploymentPostprocessing = 0;
		};
		68E79E2A1ABB22CE0029D3D9 /* Frameworks */ = {
			isa = PBXFrameworksBuildPhase;
			buildActionMask = 2147483647;
			files = (
			);
			runOnlyForDeploymentPostprocessing = 0;
		};
/* End PBXFrameworksBuildPhase section */

/* Begin PBXGroup section */
		68E79E0B1ABB22CE0029D3D9 = {
			isa = PBXGroup;
			children = (
				68E79E161ABB22CE0029D3D9 /* ReviewDay */,
				68E79E301ABB22CE0029D3D9 /* ReviewDayTests */,
				68E79E151ABB22CE0029D3D9 /* Products */,
			);
			sourceTree = "<group>";
		};
		68E79E151ABB22CE0029D3D9 /* Products */ = {
			isa = PBXGroup;
			children = (
				68E79E141ABB22CE0029D3D9 /* ReviewDay.app */,
				68E79E2D1ABB22CE0029D3D9 /* ReviewDayTests.xctest */,
			);
			name = Products;
			sourceTree = "<group>";
		};
		68E79E161ABB22CE0029D3D9 /* ReviewDay */ = {
			isa = PBXGroup;
			children = (
				68E79E211ABB22CE0029D3D9 /* Main.storyboard */,
				68E79E1B1ABB22CE0029D3D9 /* AppDelegate.h */,
				68E79E1C1ABB22CE0029D3D9 /* AppDelegate.m */,
				68E79E1E1ABB22CE0029D3D9 /* QuestionListViewController.h */,
				68E79E1F1ABB22CE0029D3D9 /* QuestionListViewController.m */,
				68E79E511ABB3EE80029D3D9 /* QuestionDetailViewViewController.h */,
				68E79E521ABB3EE80029D3D9 /* QuestionDetailViewViewController.m */,
				68E79E491ABB2AC60029D3D9 /* QuestionController.h */,
				68E79E4A1ABB2AC60029D3D9 /* QuestionController.m */,
				68E79E461ABB2A4F0029D3D9 /* Question.h */,
				68E79E471ABB2A4F0029D3D9 /* Question.m */,
				68E79E431ABB2A4E0029D3D9 /* User.h */,
				68E79E441ABB2A4E0029D3D9 /* User.m */,
				68E79E4C1ABB2CBC0029D3D9 /* Stack.h */,
				68E79E4D1ABB2CBC0029D3D9 /* Stack.m */,
				68E79E401ABB28AD0029D3D9 /* Model.xcdatamodeld */,
				68E79E241ABB22CE0029D3D9 /* Images.xcassets */,
				68E79E261ABB22CE0029D3D9 /* LaunchScreen.xib */,
				68E79E4F1ABB2D6A0029D3D9 /* CoreData.framework */,
				68E79E171ABB22CE0029D3D9 /* Supporting Files */,
			);
			path = ReviewDay;
			sourceTree = "<group>";
		};
		68E79E171ABB22CE0029D3D9 /* Supporting Files */ = {
			isa = PBXGroup;
			children = (
				68E79E181ABB22CE0029D3D9 /* Info.plist */,
				68E79E191ABB22CE0029D3D9 /* main.m */,
			);
			name = "Supporting Files";
			sourceTree = "<group>";
		};
		68E79E301ABB22CE0029D3D9 /* ReviewDayTests */ = {
			isa = PBXGroup;
			children = (
				68E79E331ABB22CE0029D3D9 /* ReviewDayTests.m */,
				68E79E311ABB22CE0029D3D9 /* Supporting Files */,
			);
			path = ReviewDayTests;
			sourceTree = "<group>";
		};
		68E79E311ABB22CE0029D3D9 /* Supporting Files */ = {
			isa = PBXGroup;
			children = (
				68E79E321ABB22CE0029D3D9 /* Info.plist */,
			);
			name = "Supporting Files";
			sourceTree = "<group>";
		};
/* End PBXGroup section */

/* Begin PBXNativeTarget section */
		68E79E131ABB22CE0029D3D9 /* ReviewDay */ = {
			isa = PBXNativeTarget;
			buildConfigurationList = 68E79E371ABB22CE0029D3D9 /* Build configuration list for PBXNativeTarget "ReviewDay" */;
			buildPhases = (
				68E79E101ABB22CE0029D3D9 /* Sources */,
				68E79E111ABB22CE0029D3D9 /* Frameworks */,
				68E79E121ABB22CE0029D3D9 /* Resources */,
			);
			buildRules = (
			);
			dependencies = (
			);
			name = ReviewDay;
			productName = ReviewDay;
			productReference = 68E79E141ABB22CE0029D3D9 /* ReviewDay.app */;
			productType = "com.apple.product-type.application";
		};
		68E79E2C1ABB22CE0029D3D9 /* ReviewDayTests */ = {
			isa = PBXNativeTarget;
			buildConfigurationList = 68E79E3A1ABB22CE0029D3D9 /* Build configuration list for PBXNativeTarget "ReviewDayTests" */;
			buildPhases = (
				68E79E291ABB22CE0029D3D9 /* Sources */,
				68E79E2A1ABB22CE0029D3D9 /* Frameworks */,
				68E79E2B1ABB22CE0029D3D9 /* Resources */,
			);
			buildRules = (
			);
			dependencies = (
				68E79E2F1ABB22CE0029D3D9 /* PBXTargetDependency */,
			);
			name = ReviewDayTests;
			productName = ReviewDayTests;
			productReference = 68E79E2D1ABB22CE0029D3D9 /* ReviewDayTests.xctest */;
			productType = "com.apple.product-type.bundle.unit-test";
		};
/* End PBXNativeTarget section */

/* Begin PBXProject section */
		68E79E0C1ABB22CE0029D3D9 /* Project object */ = {
			isa = PBXProject;
			attributes = {
				LastUpgradeCheck = 0620;
				ORGANIZATIONNAME = DevMountain;
				TargetAttributes = {
					68E79E131ABB22CE0029D3D9 = {
						CreatedOnToolsVersion = 6.2;
					};
					68E79E2C1ABB22CE0029D3D9 = {
						CreatedOnToolsVersion = 6.2;
						TestTargetID = 68E79E131ABB22CE0029D3D9;
					};
				};
			};
			buildConfigurationList = 68E79E0F1ABB22CE0029D3D9 /* Build configuration list for PBXProject "ReviewDay" */;
			compatibilityVersion = "Xcode 3.2";
			developmentRegion = English;
			hasScannedForEncodings = 0;
			knownRegions = (
				en,
				Base,
			);
			mainGroup = 68E79E0B1ABB22CE0029D3D9;
			productRefGroup = 68E79E151ABB22CE0029D3D9 /* Products */;
			projectDirPath = "";
			projectRoot = "";
			targets = (
				68E79E131ABB22CE0029D3D9 /* ReviewDay */,
				68E79E2C1ABB22CE0029D3D9 /* ReviewDayTests */,
			);
		};
/* End PBXProject section */

/* Begin PBXResourcesBuildPhase section */
		68E79E121ABB22CE0029D3D9 /* Resources */ = {
			isa = PBXResourcesBuildPhase;
			buildActionMask = 2147483647;
			files = (
				68E79E231ABB22CE0029D3D9 /* Main.storyboard in Resources */,
				68E79E281ABB22CE0029D3D9 /* LaunchScreen.xib in Resources */,
				68E79E251ABB22CE0029D3D9 /* Images.xcassets in Resources */,
			);
			runOnlyForDeploymentPostprocessing = 0;
		};
		68E79E2B1ABB22CE0029D3D9 /* Resources */ = {
			isa = PBXResourcesBuildPhase;
			buildActionMask = 2147483647;
			files = (
			);
			runOnlyForDeploymentPostprocessing = 0;
		};
/* End PBXResourcesBuildPhase section */

/* Begin PBXSourcesBuildPhase section */
		68E79E101ABB22CE0029D3D9 /* Sources */ = {
			isa = PBXSourcesBuildPhase;
			buildActionMask = 2147483647;
			files = (
				68E79E4E1ABB2CBC0029D3D9 /* Stack.m in Sources */,
				68E79E201ABB22CE0029D3D9 /* QuestionListViewController.m in Sources */,
				68E79E531ABB3EE80029D3D9 /* QuestionDetailViewViewController.m in Sources */,
				68E79E1D1ABB22CE0029D3D9 /* AppDelegate.m in Sources */,
				68E79E451ABB2A4E0029D3D9 /* User.m in Sources */,
				68E79E4B1ABB2AC60029D3D9 /* QuestionController.m in Sources */,
				68E79E421ABB28AD0029D3D9 /* Model.xcdatamodeld in Sources */,
				68E79E481ABB2A4F0029D3D9 /* Question.m in Sources */,
				68E79E1A1ABB22CE0029D3D9 /* main.m in Sources */,
			);
			runOnlyForDeploymentPostprocessing = 0;
		};
		68E79E291ABB22CE0029D3D9 /* Sources */ = {
			isa = PBXSourcesBuildPhase;
			buildActionMask = 2147483647;
			files = (
				68E79E341ABB22CE0029D3D9 /* ReviewDayTests.m in Sources */,
			);
			runOnlyForDeploymentPostprocessing = 0;
		};
/* End PBXSourcesBuildPhase section */

/* Begin PBXTargetDependency section */
		68E79E2F1ABB22CE0029D3D9 /* PBXTargetDependency */ = {
			isa = PBXTargetDependency;
			target = 68E79E131ABB22CE0029D3D9 /* ReviewDay */;
			targetProxy = 68E79E2E1ABB22CE0029D3D9 /* PBXContainerItemProxy */;
		};
/* End PBXTargetDependency section */

/* Begin PBXVariantGroup section */
		68E79E211ABB22CE0029D3D9 /* Main.storyboard */ = {
			isa = PBXVariantGroup;
			children = (
				68E79E221ABB22CE0029D3D9 /* Base */,
			);
			name = Main.storyboard;
			sourceTree = "<group>";
		};
		68E79E261ABB22CE0029D3D9 /* LaunchScreen.xib */ = {
			isa = PBXVariantGroup;
			children = (
				68E79E271ABB22CE0029D3D9 /* Base */,
			);
			name = LaunchScreen.xib;
			sourceTree = "<group>";
		};
/* End PBXVariantGroup section */

/* Begin XCBuildConfiguration section */
		68E79E351ABB22CE0029D3D9 /* Debug */ = {
			isa = XCBuildConfiguration;
			buildSettings = {
				ALWAYS_SEARCH_USER_PATHS = NO;
				CLANG_CXX_LANGUAGE_STANDARD = "gnu++0x";
				CLANG_CXX_LIBRARY = "libc++";
				CLANG_ENABLE_MODULES = YES;
				CLANG_ENABLE_OBJC_ARC = YES;
				CLANG_WARN_BOOL_CONVERSION = YES;
				CLANG_WARN_CONSTANT_CONVERSION = YES;
				CLANG_WARN_DIRECT_OBJC_ISA_USAGE = YES_ERROR;
				CLANG_WARN_EMPTY_BODY = YES;
				CLANG_WARN_ENUM_CONVERSION = YES;
				CLANG_WARN_INT_CONVERSION = YES;
				CLANG_WARN_OBJC_ROOT_CLASS = YES_ERROR;
				CLANG_WARN_UNREACHABLE_CODE = YES;
				CLANG_WARN__DUPLICATE_METHOD_MATCH = YES;
				"CODE_SIGN_IDENTITY[sdk=iphoneos*]" = "iPhone Developer";
				COPY_PHASE_STRIP = NO;
				ENABLE_STRICT_OBJC_MSGSEND = YES;
				GCC_C_LANGUAGE_STANDARD = gnu99;
				GCC_DYNAMIC_NO_PIC = NO;
				GCC_OPTIMIZATION_LEVEL = 0;
				GCC_PREPROCESSOR_DEFINITIONS = (
					"DEBUG=1",
					"$(inherited)",
				);
				GCC_SYMBOLS_PRIVATE_EXTERN = NO;
				GCC_WARN_64_TO_32_BIT_CONVERSION = YES;
				GCC_WARN_ABOUT_RETURN_TYPE = YES_ERROR;
				GCC_WARN_UNDECLARED_SELECTOR = YES;
				GCC_WARN_UNINITIALIZED_AUTOS = YES_AGGRESSIVE;
				GCC_WARN_UNUSED_FUNCTION = YES;
				GCC_WARN_UNUSED_VARIABLE = YES;
				IPHONEOS_DEPLOYMENT_TARGET = 8.2;
				MTL_ENABLE_DEBUG_INFO = YES;
				ONLY_ACTIVE_ARCH = YES;
				SDKROOT = iphoneos;
			};
			name = Debug;
		};
		68E79E361ABB22CE0029D3D9 /* Release */ = {
			isa = XCBuildConfiguration;
			buildSettings = {
				ALWAYS_SEARCH_USER_PATHS = NO;
				CLANG_CXX_LANGUAGE_STANDARD = "gnu++0x";
				CLANG_CXX_LIBRARY = "libc++";
				CLANG_ENABLE_MODULES = YES;
				CLANG_ENABLE_OBJC_ARC = YES;
				CLANG_WARN_BOOL_CONVERSION = YES;
				CLANG_WARN_CONSTANT_CONVERSION = YES;
				CLANG_WARN_DIRECT_OBJC_ISA_USAGE = YES_ERROR;
				CLANG_WARN_EMPTY_BODY = YES;
				CLANG_WARN_ENUM_CONVERSION = YES;
				CLANG_WARN_INT_CONVERSION = YES;
				CLANG_WARN_OBJC_ROOT_CLASS = YES_ERROR;
				CLANG_WARN_UNREACHABLE_CODE = YES;
				CLANG_WARN__DUPLICATE_METHOD_MATCH = YES;
				"CODE_SIGN_IDENTITY[sdk=iphoneos*]" = "iPhone Developer";
				COPY_PHASE_STRIP = NO;
				ENABLE_NS_ASSERTIONS = NO;
				ENABLE_STRICT_OBJC_MSGSEND = YES;
				GCC_C_LANGUAGE_STANDARD = gnu99;
				GCC_WARN_64_TO_32_BIT_CONVERSION = YES;
				GCC_WARN_ABOUT_RETURN_TYPE = YES_ERROR;
				GCC_WARN_UNDECLARED_SELECTOR = YES;
				GCC_WARN_UNINITIALIZED_AUTOS = YES_AGGRESSIVE;
				GCC_WARN_UNUSED_FUNCTION = YES;
				GCC_WARN_UNUSED_VARIABLE = YES;
				IPHONEOS_DEPLOYMENT_TARGET = 8.2;
				MTL_ENABLE_DEBUG_INFO = NO;
				SDKROOT = iphoneos;
				VALIDATE_PRODUCT = YES;
			};
			name = Release;
		};
		68E79E381ABB22CE0029D3D9 /* Debug */ = {
			isa = XCBuildConfiguration;
			buildSettings = {
				ASSETCATALOG_COMPILER_APPICON_NAME = AppIcon;
				INFOPLIST_FILE = ReviewDay/Info.plist;
				LD_RUNPATH_SEARCH_PATHS = "$(inherited) @executable_path/Frameworks";
				PRODUCT_NAME = "$(TARGET_NAME)";
			};
			name = Debug;
		};
		68E79E391ABB22CE0029D3D9 /* Release */ = {
			isa = XCBuildConfiguration;
			buildSettings = {
				ASSETCATALOG_COMPILER_APPICON_NAME = AppIcon;
				INFOPLIST_FILE = ReviewDay/Info.plist;
				LD_RUNPATH_SEARCH_PATHS = "$(inherited) @executable_path/Frameworks";
				PRODUCT_NAME = "$(TARGET_NAME)";
			};
			name = Release;
		};
		68E79E3B1ABB22CE0029D3D9 /* Debug */ = {
			isa = XCBuildConfiguration;
			buildSettings = {
				BUNDLE_LOADER = "$(TEST_HOST)";
				FRAMEWORK_SEARCH_PATHS = (
					"$(SDKROOT)/Developer/Library/Frameworks",
					"$(inherited)",
				);
				GCC_PREPROCESSOR_DEFINITIONS = (
					"DEBUG=1",
					"$(inherited)",
				);
				INFOPLIST_FILE = ReviewDayTests/Info.plist;
				LD_RUNPATH_SEARCH_PATHS = "$(inherited) @executable_path/Frameworks @loader_path/Frameworks";
				PRODUCT_NAME = "$(TARGET_NAME)";
				TEST_HOST = "$(BUILT_PRODUCTS_DIR)/ReviewDay.app/ReviewDay";
			};
			name = Debug;
		};
		68E79E3C1ABB22CE0029D3D9 /* Release */ = {
			isa = XCBuildConfiguration;
			buildSettings = {
				BUNDLE_LOADER = "$(TEST_HOST)";
				FRAMEWORK_SEARCH_PATHS = (
					"$(SDKROOT)/Developer/Library/Frameworks",
					"$(inherited)",
				);
				INFOPLIST_FILE = ReviewDayTests/Info.plist;
				LD_RUNPATH_SEARCH_PATHS = "$(inherited) @executable_path/Frameworks @loader_path/Frameworks";
				PRODUCT_NAME = "$(TARGET_NAME)";
				TEST_HOST = "$(BUILT_PRODUCTS_DIR)/ReviewDay.app/ReviewDay";
			};
			name = Release;
		};
/* End XCBuildConfiguration section */

/* Begin XCConfigurationList section */
		68E79E0F1ABB22CE0029D3D9 /* Build configuration list for PBXProject "ReviewDay" */ = {
			isa = XCConfigurationList;
			buildConfigurations = (
				68E79E351ABB22CE0029D3D9 /* Debug */,
				68E79E361ABB22CE0029D3D9 /* Release */,
			);
			defaultConfigurationIsVisible = 0;
			defaultConfigurationName = Release;
		};
		68E79E371ABB22CE0029D3D9 /* Build configuration list for PBXNativeTarget "ReviewDay" */ = {
			isa = XCConfigurationList;
			buildConfigurations = (
				68E79E381ABB22CE0029D3D9 /* Debug */,
				68E79E391ABB22CE0029D3D9 /* Release */,
			);
			defaultConfigurationIsVisible = 0;
		};
		68E79E3A1ABB22CE0029D3D9 /* Build configuration list for PBXNativeTarget "ReviewDayTests" */ = {
			isa = XCConfigurationList;
			buildConfigurations = (
				68E79E3B1ABB22CE0029D3D9 /* Debug */,
				68E79E3C1ABB22CE0029D3D9 /* Release */,
			);
			defaultConfigurationIsVisible = 0;
		};
/* End XCConfigurationList section */

/* Begin XCVersionGroup section */
		68E79E401ABB28AD0029D3D9 /* Model.xcdatamodeld */ = {
			isa = XCVersionGroup;
			children = (
				68E79E411ABB28AD0029D3D9 /* Model.xcdatamodel */,
			);
			currentVersion = 68E79E411ABB28AD0029D3D9 /* Model.xcdatamodel */;
			path = Model.xcdatamodeld;
			sourceTree = "<group>";
			versionGroupType = wrapper.xcdatamodel;
		};
/* End XCVersionGroup section */
	};
	rootObject = 68E79E0C1ABB22CE0029D3D9 /* Project object */;
}
